
Microsoft Visual Studio Solution File, Format Version 12.00
# Visual Studio 14
VisualStudioVersion = 14.0.23107.0
MinimumVisualStudioVersion = 10.0.40219.1
Project("{FAE04EC0-301F-11D3-BF4B-00C04F79EFBC}") = "MobbedUpApp", "MobbedUpApp\MobbedUpApp.csproj", "{487B66E3-EEAF-4708-9088-D908ADEF8F5C}"
EndProject
Project("{FAE04EC0-301F-11D3-BF4B-00C04F79EFBC}") = "MobbedUpApp.Tests", "MobbedUpApp.Tests\MobbedUpApp.Tests.csproj", "{0CD77043-2723-4B68-B8F4-ED660C937140}"
EndProject
Project("{FAE04EC0-301F-11D3-BF4B-00C04F79EFBC}") = "Models", "Models\Models.csproj", "{0C541B19-340D-425F-AC77-49584BE1ACAA}"
EndProject
Project("{FAE04EC0-301F-11D3-BF4B-00C04F79EFBC}") = "DAL", "DAL\DAL.csproj", "{C11D981B-EF7F-4DB9-B91D-7EA8B2D69633}"
EndProject
Global
	GlobalSection(SolutionConfigurationPlatforms) = preSolution
		Debug|Any CPU = Debug|Any CPU
		Debug|ARM = Debug|ARM
		Debug|x64 = Debug|x64
		Debug|x86 = Debug|x86
		Release|Any CPU = Release|Any CPU
		Release|ARM = Release|ARM
		Release|x64 = Release|x64
		Release|x86 = Release|x86
	EndGlobalSection
	GlobalSection(ProjectConfigurationPlatforms) = postSolution
		{487B66E3-EEAF-4708-9088-D908ADEF8F5C}.Debug|Any CPU.ActiveCfg = Debug|x86
		{487B66E3-EEAF-4708-9088-D908ADEF8F5C}.Debug|ARM.ActiveCfg = Debug|ARM
		{487B66E3-EEAF-4708-9088-D908ADEF8F5C}.Debug|ARM.Build.0 = Debug|ARM
		{487B66E3-EEAF-4708-9088-D908ADEF8F5C}.Debug|ARM.Deploy.0 = Debug|ARM
		{487B66E3-EEAF-4708-9088-D908ADEF8F5C}.Debug|x64.ActiveCfg = Debug|x64
		{487B66E3-EEAF-4708-9088-D908ADEF8F5C}.Debug|x64.Build.0 = Debug|x64
		{487B66E3-EEAF-4708-9088-D908ADEF8F5C}.Debug|x64.Deploy.0 = Debug|x64
		{487B66E3-EEAF-4708-9088-D908ADEF8F5C}.Debug|x86.ActiveCfg = Debug|x86
		{487B66E3-EEAF-4708-9088-D908ADEF8F5C}.Debug|x86.Build.0 = Debug|x86
		{487B66E3-EEAF-4708-9088-D908ADEF8F5C}.Debug|x86.Deploy.0 = Debug|x86
		{487B66E3-EEAF-4708-9088-D908ADEF8F5C}.Release|Any CPU.ActiveCfg = Release|x86
		{487B66E3-EEAF-4708-9088-D908ADEF8F5C}.Release|ARM.ActiveCfg = Release|ARM
		{487B66E3-EEAF-4708-9088-D908ADEF8F5C}.Release|ARM.Build.0 = Release|ARM
		{487B66E3-EEAF-4708-9088-D908ADEF8F5C}.Release|ARM.Deploy.0 = Release|ARM
		{487B66E3-EEAF-4708-9088-D908ADEF8F5C}.Release|x64.ActiveCfg = Release|x64
		{487B66E3-EEAF-4708-9088-D908ADEF8F5C}.Release|x64.Build.0 = Release|x64
		{487B66E3-EEAF-4708-9088-D908ADEF8F5C}.Release|x64.Deploy.0 = Release|x64
		{487B66E3-EEAF-4708-9088-D908ADEF8F5C}.Release|x86.ActiveCfg = Release|x86
		{487B66E3-EEAF-4708-9088-D908ADEF8F5C}.Release|x86.Build.0 = Release|x86
		{487B66E3-EEAF-4708-9088-D908ADEF8F5C}.Release|x86.Deploy.0 = Release|x86
		{0CD77043-2723-4B68-B8F4-ED660C937140}.Debug|Any CPU.ActiveCfg = Debug|x86
		{0CD77043-2723-4B68-B8F4-ED660C937140}.Debug|ARM.ActiveCfg = Debug|ARM
		{0CD77043-2723-4B68-B8F4-ED660C937140}.Debug|ARM.Build.0 = Debug|ARM
		{0CD77043-2723-4B68-B8F4-ED660C937140}.Debug|ARM.Deploy.0 = Debug|ARM
		{0CD77043-2723-4B68-B8F4-ED660C937140}.Debug|x64.ActiveCfg = Debug|x64
		{0CD77043-2723-4B68-B8F4-ED660C937140}.Debug|x64.Build.0 = Debug|x64
		{0CD77043-2723-4B68-B8F4-ED660C937140}.Debug|x64.Deploy.0 = Debug|x64
		{0CD77043-2723-4B68-B8F4-ED660C937140}.Debug|x86.ActiveCfg = Debug|x86
		{0CD77043-2723-4B68-B8F4-ED660C937140}.Debug|x86.Build.0 = Debug|x86
		{0CD77043-2723-4B68-B8F4-ED660C937140}.Debug|x86.Deploy.0 = Debug|x86
		{0CD77043-2723-4B68-B8F4-ED660C937140}.Release|Any CPU.ActiveCfg = Release|x86
		{0CD77043-2723-4B68-B8F4-ED660C937140}.Release|ARM.ActiveCfg = Release|ARM
		{0CD77043-2723-4B68-B8F4-ED660C937140}.Release|ARM.Build.0 = Release|ARM
		{0CD77043-2723-4B68-B8F4-ED660C937140}.Release|ARM.Deploy.0 = Release|ARM
		{0CD77043-2723-4B68-B8F4-ED660C937140}.Release|x64.ActiveCfg = Release|x64
		{0CD77043-2723-4B68-B8F4-ED660C937140}.Release|x64.Build.0 = Release|x64
		{0CD77043-2723-4B68-B8F4-ED660C937140}.Release|x64.Deploy.0 = Release|x64
		{0CD77043-2723-4B68-B8F4-ED660C937140}.Release|x86.ActiveCfg = Release|x86
		{0CD77043-2723-4B68-B8F4-ED660C937140}.Release|x86.Build.0 = Release|x86
		{0CD77043-2723-4B68-B8F4-ED660C937140}.Release|x86.Deploy.0 = Release|x86
		{0C541B19-340D-425F-AC77-49584BE1ACAA}.Debug|Any CPU.ActiveCfg = Debug|Any CPU
		{0C541B19-340D-425F-AC77-49584BE1ACAA}.Debug|Any CPU.Build.0 = Debug|Any CPU
		{0C541B19-340D-425F-AC77-49584BE1ACAA}.Debug|ARM.ActiveCfg = Debug|ARM
		{0C541B19-340D-425F-AC77-49584BE1ACAA}.Debug|ARM.Build.0 = Debug|ARM
		{0C541B19-340D-425F-AC77-49584BE1ACAA}.Debug|x64.ActiveCfg = Debug|x64
		{0C541B19-340D-425F-AC77-49584BE1ACAA}.Debug|x64.Build.0 = Debug|x64
		{0C541B19-340D-425F-AC77-49584BE1ACAA}.Debug|x86.ActiveCfg = Debug|x86
		{0C541B19-340D-425F-AC77-49584BE1ACAA}.Debug|x86.Build.0 = Debug|x86
		{0C541B19-340D-425F-AC77-49584BE1ACAA}.Release|Any CPU.ActiveCfg = Release|Any CPU
		{0C541B19-340D-425F-AC77-49584BE1ACAA}.Release|Any CPU.Build.0 = Release|Any CPU
		{0C541B19-340D-425F-AC77-49584BE1ACAA}.Release|ARM.ActiveCfg = Release|ARM
		{0C541B19-340D-425F-AC77-49584BE1ACAA}.Release|ARM.Build.0 = Release|ARM
		{0C541B19-340D-425F-AC77-49584BE1ACAA}.Release|x64.ActiveCfg = Release|x64
		{0C541B19-340D-425F-AC77-49584BE1ACAA}.Release|x64.Build.0 = Release|x64
		{0C541B19-340D-425F-AC77-49584BE1ACAA}.Release|x86.ActiveCfg = Release|x86
		{0C541B19-340D-425F-AC77-49584BE1ACAA}.Release|x86.Build.0 = Release|x86
		{C11D981B-EF7F-4DB9-B91D-7EA8B2D69633}.Debug|Any CPU.ActiveCfg = Debug|Any CPU
		{C11D981B-EF7F-4DB9-B91D-7EA8B2D69633}.Debug|Any CPU.Build.0 = Debug|Any CPU
		{C11D981B-EF7F-4DB9-B91D-7EA8B2D69633}.Debug|ARM.ActiveCfg = Debug|ARM
		{C11D981B-EF7F-4DB9-B91D-7EA8B2D69633}.Debug|ARM.Build.0 = Debug|ARM
		{C11D981B-EF7F-4DB9-B91D-7EA8B2D69633}.Debug|x64.ActiveCfg = Debug|x64
		{C11D981B-EF7F-4DB9-B91D-7EA8B2D69633}.Debug|x64.Build.0 = Debug|x64
		{C11D981B-EF7F-4DB9-B91D-7EA8B2D69633}.Debug|x86.ActiveCfg = Debug|x86
		{C11D981B-EF7F-4DB9-B91D-7EA8B2D69633}.Debug|x86.Build.0 = Debug|x86
		{C11D981B-EF7F-4DB9-B91D-7EA8B2D69633}.Release|Any CPU.ActiveCfg = Release|Any CPU
		{C11D981B-EF7F-4DB9-B91D-7EA8B2D69633}.Release|Any CPU.Build.0 = Release|Any CPU
		{C11D981B-EF7F-4DB9-B91D-7EA8B2D69633}.Release|ARM.ActiveCfg = Release|ARM
		{C11D981B-EF7F-4DB9-B91D-7EA8B2D69633}.Release|ARM.Build.0 = Release|ARM
		{C11D981B-EF7F-4DB9-B91D-7EA8B2D69633}.Release|x64.ActiveCfg = Release|x64
		{C11D981B-EF7F-4DB9-B91D-7EA8B2D69633}.Release|x64.Build.0 = Release|x64
		{C11D981B-EF7F-4DB9-B91D-7EA8B2D69633}.Release|x86.ActiveCfg = Release|x86
		{C11D981B-EF7F-4DB9-B91D-7EA8B2D69633}.Release|x86.Build.0 = Release|x86
	EndGlobalSection
	GlobalSection(SolutionProperties) = preSolution
		HideSolutionNode = FALSE
	EndGlobalSection
EndGlobal
